
Microsoft Visual Studio Solution File, Format Version 12.00
# Visual Studio Version 17
VisualStudioVersion = 17.10.35013.160
MinimumVisualStudioVersion = 10.0.40219.1
Project("{9A19103F-16F7-4668-BE54-9A1E7A4F7556}") = "AuthMicroService", "AuthMicroService.csproj", "{8B1319CF-0F40-4381-BC17-E08C4FD4B7E8}"
EndProject
Global
	GlobalSection(SolutionConfigurationPlatforms) = preSolution
		Debug|Any CPU = Debug|Any CPU
		Release|Any CPU = Release|Any CPU
	EndGlobalSection
	GlobalSection(ProjectConfigurationPlatforms) = postSolution
		{8B1319CF-0F40-4381-BC17-E08C4FD4B7E8}.Debug|Any CPU.ActiveCfg = Debug|Any CPU
		{8B1319CF-0F40-4381-BC17-E08C4FD4B7E8}.Debug|Any CPU.Build.0 = Debug|Any CPU
		{8B1319CF-0F40-4381-BC17-E08C4FD4B7E8}.Release|Any CPU.ActiveCfg = Release|Any CPU
		{8B1319CF-0F40-4381-BC17-E08C4FD4B7E8}.Release|Any CPU.Build.0 = Release|Any CPU
	EndGlobalSection
	GlobalSection(SolutionProperties) = preSolution
		HideSolutionNode = FALSE
	EndGlobalSection
	GlobalSection(ExtensibilityGlobals) = postSolution
		SolutionGuid = {C6A83AB1-972D-4AF7-B725-CBDBD2B59E71}
	EndGlobalSection
EndGlobal
